<?xml version="1.0" encoding="utf-8"?>
<Project ToolsVersion="4.0" xmlns="http://schemas.microsoft.com/developer/msbuild/2003">
  <ItemGroup>
    <Filter Include="dvigatel">
      <UniqueIdentifier>{75242F3D-61F1-8948-8A0A-78F07636BFD6}</UniqueIdentifier>
    </Filter>
    <Filter Include="dvigatel\Events">
      <UniqueIdentifier>{B99ACAB9-2526-387E-2E37-BB729A41947E}</UniqueIdentifier>
    </Filter>
    <Filter Include="dvigatel\ImGui">
      <UniqueIdentifier>{5F5D60F6-4B2B-54FC-34BF-C422202C3061}</UniqueIdentifier>
    </Filter>
    <Filter Include="platform">
      <UniqueIdentifier>{4A63C33C-3630-1E48-5F49-0CF04B7553D6}</UniqueIdentifier>
    </Filter>
    <Filter Include="platform\windows">
      <UniqueIdentifier>{A44FC440-9048-E392-B97A-C817A5D2C29E}</UniqueIdentifier>
    </Filter>
  </ItemGroup>
  <ItemGroup>
    <ClInclude Include="src\dvgpch.h" />
    <ClInclude Include="src\dvigatel.h" />
    <ClInclude Include="src\dvigatel\Application.h">
      <Filter>dvigatel</Filter>
    </ClInclude>
    <ClInclude Include="src\dvigatel\Core.h">
      <Filter>dvigatel</Filter>
    </ClInclude>
    <ClInclude Include="src\dvigatel\EntryPoint.h">
      <Filter>dvigatel</Filter>
    </ClInclude>
    <ClInclude Include="src\dvigatel\Events\ApplicationEvent.h">
      <Filter>dvigatel\Events</Filter>
    </ClInclude>
    <ClInclude Include="src\dvigatel\Events\Event.h">
      <Filter>dvigatel\Events</Filter>
    </ClInclude>
    <ClInclude Include="src\dvigatel\Events\KeyEvent.h">
      <Filter>dvigatel\Events</Filter>
    </ClInclude>
    <ClInclude Include="src\dvigatel\Events\MouseEvent.h">
      <Filter>dvigatel\Events</Filter>
    </ClInclude>
    <ClInclude Include="src\dvigatel\ImGui\ImGuiLayer.h">
      <Filter>dvigatel\ImGui</Filter>
    </ClInclude>
    <ClInclude Include="src\dvigatel\Input.h">
      <Filter>dvigatel</Filter>
    </ClInclude>
    <ClInclude Include="src\dvigatel\KeyCodes.h">
      <Filter>dvigatel</Filter>
    </ClInclude>
    <ClInclude Include="src\dvigatel\Layer.h">
      <Filter>dvigatel</Filter>
    </ClInclude>
    <ClInclude Include="src\dvigatel\LayerStack.h">
      <Filter>dvigatel</Filter>
    </ClInclude>
    <ClInclude Include="src\dvigatel\Log.h">
      <Filter>dvigatel</Filter>
    </ClInclude>
    <ClInclude Include="src\dvigatel\MouseButtonCodes.h">
      <Filter>dvigatel</Filter>
    </ClInclude>
    <ClInclude Include="src\dvigatel\Window.h">
      <Filter>dvigatel</Filter>
    </ClInclude>
    <ClInclude Include="src\platform\windows\Input.h">
      <Filter>platform\windows</Filter>
    </ClInclude>
    <ClInclude Include="src\dvigatel\Renderer\GraphicsContext.h" />
    <ClInclude Include="src\dvigatel\Renderer\Shader.h" />
    <ClInclude Include="src\platform\OpenGL\OpenGLContext.h" />
    <ClInclude Include="src\platform\windows\WindowsWindow.h" />
    <ClInclude Include="src\dvigatel\Renderer\Buffer.h" />
    <ClInclude Include="src\platform\OpenGL\OpenGLBuffer.h" />
    <ClInclude Include="src\dvigatel\Renderer\Renderer.h" />
    <ClInclude Include="src\dvigatel\Renderer\VertexArray.h" />
    <ClInclude Include="src\platform\OpenGL\OpenGLVertexArray.h" />
  </ItemGroup>
  <ItemGroup>
    <ClCompile Include="src\dvgpch.cpp" />
    <ClCompile Include="src\dvigatel\Application.cpp">
      <Filter>dvigatel</Filter>
    </ClCompile>
    <ClCompile Include="src\dvigatel\ImGui\ImGuiBuild.cpp">
      <Filter>dvigatel\ImGui</Filter>
    </ClCompile>
    <ClCompile Include="src\dvigatel\ImGui\ImGuiLayer.cpp">
      <Filter>dvigatel\ImGui</Filter>
    </ClCompile>
    <ClCompile Include="src\dvigatel\Layer.cpp">
      <Filter>dvigatel</Filter>
    </ClCompile>
    <ClCompile Include="src\dvigatel\LayerStack.cpp">
      <Filter>dvigatel</Filter>
    </ClCompile>
    <ClCompile Include="src\dvigatel\Log.cpp">
      <Filter>dvigatel</Filter>
    </ClCompile>
    <ClCompile Include="src\platform\windows\Input.cpp">
      <Filter>platform\windows</Filter>
    </ClCompile>
    <ClCompile Include="src\dvigatel\Renderer\Shader.cpp" />
    <ClCompile Include="src\platform\OpenGL\OpenGLContext.cpp" />
    <ClCompile Include="src\platform\windows\WindowsWindow.cpp" />
    <ClCompile Include="src\dvigatel\Renderer\Buffer.cpp" />
    <ClCompile Include="src\platform\OpenGL\OpenGLBuffer.cpp" />
    <ClCompile Include="src\dvigatel\Renderer\Renderer.cpp" />
    <ClCompile Include="src\dvigatel\Renderer\VertexArray.cpp" />
    <ClCompile Include="src\platform\OpenGL\OpenGLVertexArray.cpp" />
  </ItemGroup>
</Project>