<?xml version="1.0" encoding="utf-8"?>
<Project ToolsVersion="4.0" xmlns="http://schemas.microsoft.com/developer/msbuild/2003">
  <ItemGroup>
    <Filter Include="dvigatel">
      <UniqueIdentifier>{75242F3D-61F1-8948-8A0A-78F07636BFD6}</UniqueIdentifier>
    </Filter>
    <Filter Include="dvigatel\Events">
      <UniqueIdentifier>{B99ACAB9-2526-387E-2E37-BB729A41947E}</UniqueIdentifier>
    </Filter>
    <Filter Include="platform">
      <UniqueIdentifier>{4A63C33C-3630-1E48-5F49-0CF04B7553D6}</UniqueIdentifier>
    </Filter>
  </ItemGroup>
  <ItemGroup>
    <ClInclude Include="src\dvgpch.h" />
    <ClInclude Include="src\dvigatel.h" />
    <ClInclude Include="src\dvigatel\Application.h">
      <Filter>dvigatel</Filter>
    </ClInclude>
    <ClInclude Include="src\dvigatel\Core.h">
      <Filter>dvigatel</Filter>
    </ClInclude>
    <ClInclude Include="src\dvigatel\EntryPoint.h">
      <Filter>dvigatel</Filter>
    </ClInclude>
    <ClInclude Include="src\dvigatel\Events\ApplicationEvent.h">
      <Filter>dvigatel\Events</Filter>
    </ClInclude>
    <ClInclude Include="src\dvigatel\Events\Event.h">
      <Filter>dvigatel\Events</Filter>
    </ClInclude>
    <ClInclude Include="src\dvigatel\Events\KeyEvent.h">
      <Filter>dvigatel\Events</Filter>
    </ClInclude>
    <ClInclude Include="src\dvigatel\Events\MouseEvent.h">
      <Filter>dvigatel\Events</Filter>
    </ClInclude>
    <ClInclude Include="src\dvigatel\Layer.h">
      <Filter>dvigatel</Filter>
    </ClInclude>
    <ClInclude Include="src\dvigatel\LayerStack.h">
      <Filter>dvigatel</Filter>
    </ClInclude>
    <ClInclude Include="src\dvigatel\Log.h">
      <Filter>dvigatel</Filter>
    </ClInclude>
    <ClInclude Include="src\dvigatel\Window.h">
      <Filter>dvigatel</Filter>
    </ClInclude>
    <ClInclude Include="src\platform\Windows.h">
      <Filter>platform</Filter>
    </ClInclude>
    <ClInclude Include="src\dvigatel\ImGui\ImGuiLayer.h" />
    <ClInclude Include="vendor\imgui\backends\imgui_impl_opengl3_loader.h" />
    <ClInclude Include="src\platform\opengl\imgui_impl_opengl3.h" />
  </ItemGroup>
  <ItemGroup>
    <ClCompile Include="src\dvgpch.cpp" />
    <ClCompile Include="src\dvigatel\Application.cpp">
      <Filter>dvigatel</Filter>
    </ClCompile>
    <ClCompile Include="src\dvigatel\Layer.cpp">
      <Filter>dvigatel</Filter>
    </ClCompile>
    <ClCompile Include="src\dvigatel\LayerStack.cpp">
      <Filter>dvigatel</Filter>
    </ClCompile>
    <ClCompile Include="src\dvigatel\Log.cpp">
      <Filter>dvigatel</Filter>
    </ClCompile>
    <ClCompile Include="src\platform\Windows.cpp">
      <Filter>platform</Filter>
    </ClCompile>
    <ClCompile Include="src\dvigatel\ImGui\ImGuiLayer.cpp" />
    <ClCompile Include="src\platform\opengl\imgui_impl_opengl3.cpp" />
  </ItemGroup>
</Project>